// !$*UTF8*$!
{
	archiveVersion = 1;
	classes = {
	};
	objectVersion = 50;
	objects = {

/* Begin PBXBuildFile section */
		CA41506221F4E7260037E3F5 /* main.c in Sources */ = {isa = PBXBuildFile; fileRef = CA41506121F4E7260037E3F5 /* main.c */; };
		CA41506A21F4E7720037E3F5 /* detab.c in Sources */ = {isa = PBXBuildFile; fileRef = CA41506921F4E7720037E3F5 /* detab.c */; };
		CA41506D21F4F2C10037E3F5 /* arraymanipulation.c in Sources */ = {isa = PBXBuildFile; fileRef = CA41506C21F4F2C10037E3F5 /* arraymanipulation.c */; };
		CACA2FB1226D1399004AC791 /* grabline.c in Sources */ = {isa = PBXBuildFile; fileRef = CACA2FB0226D1399004AC791 /* grabline.c */; };
		CAED7761227F125000EE9D0B /* entab.c in Sources */ = {isa = PBXBuildFile; fileRef = CAED7760227F125000EE9D0B /* entab.c */; };
		CAED7765227F5CA200EE9D0B /* foldLine.c in Sources */ = {isa = PBXBuildFile; fileRef = CAED7764227F5CA200EE9D0B /* foldLine.c */; };
		CAED7769227F5F4B00EE9D0B /* nonBlankChar.c in Sources */ = {isa = PBXBuildFile; fileRef = CAED7768227F5F4B00EE9D0B /* nonBlankChar.c */; };
		CAED776D227F63EC00EE9D0B /* cleanComments.c in Sources */ = {isa = PBXBuildFile; fileRef = CAED776C227F63EC00EE9D0B /* cleanComments.c */; };
		CAF1248022761AFD00405274 /* arrayReduce.c in Sources */ = {isa = PBXBuildFile; fileRef = CAF1247F22761AFD00405274 /* arrayReduce.c */; };
		CAF54BAB22809E3000320193 /* typeRange.c in Sources */ = {isa = PBXBuildFile; fileRef = CAF54BAA22809E3000320193 /* typeRange.c */; };
		CAF54BAF2281EB7100320193 /* htoi.c in Sources */ = {isa = PBXBuildFile; fileRef = CAF54BAE2281EB7100320193 /* htoi.c */; };
		CAF54BB32282160A00320193 /* deleeze.c in Sources */ = {isa = PBXBuildFile; fileRef = CAF54BB22282160A00320193 /* deleeze.c */; };
		CAF54BB722821B3100320193 /* any.c in Sources */ = {isa = PBXBuildFile; fileRef = CAF54BB622821B3100320193 /* any.c */; };
/* End PBXBuildFile section */

/* Begin PBXCopyFilesBuildPhase section */
		CA41505C21F4E7260037E3F5 /* CopyFiles */ = {
			isa = PBXCopyFilesBuildPhase;
			buildActionMask = 2147483647;
			dstPath = /usr/share/man/man1/;
			dstSubfolderSpec = 0;
			files = (
			);
			runOnlyForDeploymentPostprocessing = 1;
		};
/* End PBXCopyFilesBuildPhase section */

/* Begin PBXFileReference section */
		CA41505E21F4E7260037E3F5 /* Sandbox */ = {isa = PBXFileReference; explicitFileType = "compiled.mach-o.executable"; includeInIndex = 0; path = Sandbox; sourceTree = BUILT_PRODUCTS_DIR; };
		CA41506121F4E7260037E3F5 /* main.c */ = {isa = PBXFileReference; lastKnownFileType = sourcecode.c.c; path = main.c; sourceTree = "<group>"; };
		CA41506821F4E7720037E3F5 /* detab.h */ = {isa = PBXFileReference; lastKnownFileType = sourcecode.c.h; path = detab.h; sourceTree = "<group>"; };
		CA41506921F4E7720037E3F5 /* detab.c */ = {isa = PBXFileReference; lastKnownFileType = sourcecode.c.c; path = detab.c; sourceTree = "<group>"; };
		CA41506B21F4F2C10037E3F5 /* arraymanipulation.h */ = {isa = PBXFileReference; lastKnownFileType = sourcecode.c.h; path = arraymanipulation.h; sourceTree = "<group>"; };
		CA41506C21F4F2C10037E3F5 /* arraymanipulation.c */ = {isa = PBXFileReference; lastKnownFileType = sourcecode.c.c; path = arraymanipulation.c; sourceTree = "<group>"; };
		CACA2FAF226D1399004AC791 /* grabline.h */ = {isa = PBXFileReference; lastKnownFileType = sourcecode.c.h; path = grabline.h; sourceTree = "<group>"; };
		CACA2FB0226D1399004AC791 /* grabline.c */ = {isa = PBXFileReference; lastKnownFileType = sourcecode.c.c; path = grabline.c; sourceTree = "<group>"; };
		CAED775F227F125000EE9D0B /* entab.h */ = {isa = PBXFileReference; lastKnownFileType = sourcecode.c.h; path = entab.h; sourceTree = "<group>"; };
		CAED7760227F125000EE9D0B /* entab.c */ = {isa = PBXFileReference; lastKnownFileType = sourcecode.c.c; path = entab.c; sourceTree = "<group>"; };
		CAED7763227F5CA200EE9D0B /* foldLine.h */ = {isa = PBXFileReference; lastKnownFileType = sourcecode.c.h; path = foldLine.h; sourceTree = "<group>"; };
		CAED7764227F5CA200EE9D0B /* foldLine.c */ = {isa = PBXFileReference; lastKnownFileType = sourcecode.c.c; path = foldLine.c; sourceTree = "<group>"; };
		CAED7767227F5F4B00EE9D0B /* nonBlankChar.h */ = {isa = PBXFileReference; lastKnownFileType = sourcecode.c.h; path = nonBlankChar.h; sourceTree = "<group>"; };
		CAED7768227F5F4B00EE9D0B /* nonBlankChar.c */ = {isa = PBXFileReference; lastKnownFileType = sourcecode.c.c; path = nonBlankChar.c; sourceTree = "<group>"; };
		CAED776B227F63EC00EE9D0B /* cleanComments.h */ = {isa = PBXFileReference; lastKnownFileType = sourcecode.c.h; path = cleanComments.h; sourceTree = "<group>"; };
		CAED776C227F63EC00EE9D0B /* cleanComments.c */ = {isa = PBXFileReference; lastKnownFileType = sourcecode.c.c; path = cleanComments.c; sourceTree = "<group>"; };
		CAF1247E22761AFD00405274 /* arrayReduce.h */ = {isa = PBXFileReference; lastKnownFileType = sourcecode.c.h; path = arrayReduce.h; sourceTree = "<group>"; };
		CAF1247F22761AFD00405274 /* arrayReduce.c */ = {isa = PBXFileReference; lastKnownFileType = sourcecode.c.c; path = arrayReduce.c; sourceTree = "<group>"; };
		CAF54BA922809E3000320193 /* typeRange.h */ = {isa = PBXFileReference; lastKnownFileType = sourcecode.c.h; path = typeRange.h; sourceTree = "<group>"; };
		CAF54BAA22809E3000320193 /* typeRange.c */ = {isa = PBXFileReference; lastKnownFileType = sourcecode.c.c; path = typeRange.c; sourceTree = "<group>"; };
		CAF54BAD2281EB7100320193 /* htoi.h */ = {isa = PBXFileReference; lastKnownFileType = sourcecode.c.h; path = htoi.h; sourceTree = "<group>"; };
		CAF54BAE2281EB7100320193 /* htoi.c */ = {isa = PBXFileReference; lastKnownFileType = sourcecode.c.c; path = htoi.c; sourceTree = "<group>"; };
		CAF54BB12282160A00320193 /* deleeze.h */ = {isa = PBXFileReference; lastKnownFileType = sourcecode.c.h; path = deleeze.h; sourceTree = "<group>"; };
		CAF54BB22282160A00320193 /* deleeze.c */ = {isa = PBXFileReference; lastKnownFileType = sourcecode.c.c; path = deleeze.c; sourceTree = "<group>"; };
		CAF54BB522821B3100320193 /* any.h */ = {isa = PBXFileReference; lastKnownFileType = sourcecode.c.h; path = any.h; sourceTree = "<group>"; };
		CAF54BB622821B3100320193 /* any.c */ = {isa = PBXFileReference; lastKnownFileType = sourcecode.c.c; path = any.c; sourceTree = "<group>"; };
/* End PBXFileReference section */

/* Begin PBXFrameworksBuildPhase section */
		CA41505B21F4E7260037E3F5 /* Frameworks */ = {
			isa = PBXFrameworksBuildPhase;
			buildActionMask = 2147483647;
			files = (
			);
			runOnlyForDeploymentPostprocessing = 0;
		};
/* End PBXFrameworksBuildPhase section */

/* Begin PBXGroup section */
		CA41505521F4E7260037E3F5 = {
			isa = PBXGroup;
			children = (
				CA41506021F4E7260037E3F5 /* Sandbox */,
				CA41505F21F4E7260037E3F5 /* Products */,
			);
			sourceTree = "<group>";
		};
		CA41505F21F4E7260037E3F5 /* Products */ = {
			isa = PBXGroup;
			children = (
				CA41505E21F4E7260037E3F5 /* Sandbox */,
			);
			name = Products;
			sourceTree = "<group>";
		};
		CA41506021F4E7260037E3F5 /* Sandbox */ = {
			isa = PBXGroup;
			children = (
				CAF54BB422821B2A00320193 /* any */,
				CAF54BB0228215F800320193 /* deleeze */,
				CAF54BAC2281EB6600320193 /* htoi */,
				CAF54BA822809E0C00320193 /* TypeRange */,
				CAED776E227F6C8500EE9D0B /* ReadFile */,
				CAED776A227F63D900EE9D0B /* CommentsCleaner */,
				CAED7766227F5F2B00EE9D0B /* NotEmptyChar */,
				CAED7762227F5C9100EE9D0B /* LineFolder */,
				CAED775E227F124000EE9D0B /* entab */,
				CAF1247D22761AF100405274 /* ArrayReduce */,
				CACA2FAE226D138F004AC791 /* grabline */,
				CA41506121F4E7260037E3F5 /* main.c */,
				CACA2FAD226D1370004AC791 /* detab */,
				CACA2FAC226D1362004AC791 /* arraymanipulation */,
			);
			path = Sandbox;
			sourceTree = "<group>";
		};
		CACA2FAC226D1362004AC791 /* arraymanipulation */ = {
			isa = PBXGroup;
			children = (
				CA41506B21F4F2C10037E3F5 /* arraymanipulation.h */,
				CA41506C21F4F2C10037E3F5 /* arraymanipulation.c */,
			);
			path = arraymanipulation;
			sourceTree = "<group>";
		};
		CACA2FAD226D1370004AC791 /* detab */ = {
			isa = PBXGroup;
			children = (
				CA41506821F4E7720037E3F5 /* detab.h */,
				CA41506921F4E7720037E3F5 /* detab.c */,
			);
			path = detab;
			sourceTree = "<group>";
		};
		CACA2FAE226D138F004AC791 /* grabline */ = {
			isa = PBXGroup;
			children = (
				CACA2FAF226D1399004AC791 /* grabline.h */,
				CACA2FB0226D1399004AC791 /* grabline.c */,
			);
			path = grabline;
			sourceTree = "<group>";
		};
		CAED775E227F124000EE9D0B /* entab */ = {
			isa = PBXGroup;
			children = (
				CAED775F227F125000EE9D0B /* entab.h */,
				CAED7760227F125000EE9D0B /* entab.c */,
			);
			path = entab;
			sourceTree = "<group>";
		};
		CAED7762227F5C9100EE9D0B /* LineFolder */ = {
			isa = PBXGroup;
			children = (
				CAED7763227F5CA200EE9D0B /* foldLine.h */,
				CAED7764227F5CA200EE9D0B /* foldLine.c */,
			);
			path = LineFolder;
			sourceTree = "<group>";
		};
		CAED7766227F5F2B00EE9D0B /* NotEmptyChar */ = {
			isa = PBXGroup;
			children = (
				CAED7767227F5F4B00EE9D0B /* nonBlankChar.h */,
				CAED7768227F5F4B00EE9D0B /* nonBlankChar.c */,
			);
			path = NotEmptyChar;
			sourceTree = "<group>";
		};
		CAED776A227F63D900EE9D0B /* CommentsCleaner */ = {
			isa = PBXGroup;
			children = (
				CAED776B227F63EC00EE9D0B /* cleanComments.h */,
				CAED776C227F63EC00EE9D0B /* cleanComments.c */,
			);
			path = CommentsCleaner;
			sourceTree = "<group>";
		};
		CAED776E227F6C8500EE9D0B /* ReadFile */ = {
			isa = PBXGroup;
			children = (
			);
			path = ReadFile;
			sourceTree = "<group>";
		};
		CAF1247D22761AF100405274 /* ArrayReduce */ = {
			isa = PBXGroup;
			children = (
				CAF1247E22761AFD00405274 /* arrayReduce.h */,
				CAF1247F22761AFD00405274 /* arrayReduce.c */,
			);
			path = ArrayReduce;
			sourceTree = "<group>";
		};
		CAF54BA822809E0C00320193 /* TypeRange */ = {
			isa = PBXGroup;
			children = (
				CAF54BA922809E3000320193 /* typeRange.h */,
				CAF54BAA22809E3000320193 /* typeRange.c */,
			);
			path = TypeRange;
			sourceTree = "<group>";
		};
		CAF54BAC2281EB6600320193 /* htoi */ = {
			isa = PBXGroup;
			children = (
				CAF54BAD2281EB7100320193 /* htoi.h */,
				CAF54BAE2281EB7100320193 /* htoi.c */,
			);
			path = htoi;
			sourceTree = "<group>";
		};
		CAF54BB0228215F800320193 /* deleeze */ = {
			isa = PBXGroup;
			children = (
				CAF54BB12282160A00320193 /* deleeze.h */,
				CAF54BB22282160A00320193 /* deleeze.c */,
			);
			path = deleeze;
			sourceTree = "<group>";
		};
		CAF54BB422821B2A00320193 /* any */ = {
			isa = PBXGroup;
			children = (
				CAF54BB522821B3100320193 /* any.h */,
				CAF54BB622821B3100320193 /* any.c */,
			);
			path = any;
			sourceTree = "<group>";
		};
/* End PBXGroup section */

/* Begin PBXNativeTarget section */
		CA41505D21F4E7260037E3F5 /* Sandbox */ = {
			isa = PBXNativeTarget;
			buildConfigurationList = CA41506521F4E7260037E3F5 /* Build configuration list for PBXNativeTarget "Sandbox" */;
			buildPhases = (
				CA41505A21F4E7260037E3F5 /* Sources */,
				CA41505B21F4E7260037E3F5 /* Frameworks */,
				CA41505C21F4E7260037E3F5 /* CopyFiles */,
			);
			buildRules = (
			);
			dependencies = (
			);
			name = Sandbox;
			productName = Sandbox;
			productReference = CA41505E21F4E7260037E3F5 /* Sandbox */;
			productType = "com.apple.product-type.tool";
		};
/* End PBXNativeTarget section */

/* Begin PBXProject section */
		CA41505621F4E7260037E3F5 /* Project object */ = {
			isa = PBXProject;
			attributes = {
				LastUpgradeCheck = 1010;
				ORGANIZATIONNAME = "Vlad Zhavoronkov";
				TargetAttributes = {
					CA41505D21F4E7260037E3F5 = {
						CreatedOnToolsVersion = 10.1;
					};
				};
			};
			buildConfigurationList = CA41505921F4E7260037E3F5 /* Build configuration list for PBXProject "Sandbox" */;
			compatibilityVersion = "Xcode 9.3";
			developmentRegion = en;
			hasScannedForEncodings = 0;
			knownRegions = (
				en,
			);
			mainGroup = CA41505521F4E7260037E3F5;
			productRefGroup = CA41505F21F4E7260037E3F5 /* Products */;
			projectDirPath = "";
			projectRoot = "";
			targets = (
				CA41505D21F4E7260037E3F5 /* Sandbox */,
			);
		};
/* End PBXProject section */

/* Begin PBXSourcesBuildPhase section */
		CA41505A21F4E7260037E3F5 /* Sources */ = {
			isa = PBXSourcesBuildPhase;
			buildActionMask = 2147483647;
			files = (
				CAED7769227F5F4B00EE9D0B /* nonBlankChar.c in Sources */,
				CAF54BAB22809E3000320193 /* typeRange.c in Sources */,
				CAED7761227F125000EE9D0B /* entab.c in Sources */,
				CA41506A21F4E7720037E3F5 /* detab.c in Sources */,
				CAF54BB722821B3100320193 /* any.c in Sources */,
				CAF54BB32282160A00320193 /* deleeze.c in Sources */,
				CAF54BAF2281EB7100320193 /* htoi.c in Sources */,
				CA41506221F4E7260037E3F5 /* main.c in Sources */,
				CACA2FB1226D1399004AC791 /* grabline.c in Sources */,
				CAED776D227F63EC00EE9D0B /* cleanComments.c in Sources */,
				CA41506D21F4F2C10037E3F5 /* arraymanipulation.c in Sources */,
				CAF1248022761AFD00405274 /* arrayReduce.c in Sources */,
				CAED7765227F5CA200EE9D0B /* foldLine.c in Sources */,
			);
			runOnlyForDeploymentPostprocessing = 0;
		};
/* End PBXSourcesBuildPhase section */

/* Begin XCBuildConfiguration section */
		CA41506321F4E7260037E3F5 /* Debug */ = {
			isa = XCBuildConfiguration;
			buildSettings = {
				ALWAYS_SEARCH_USER_PATHS = NO;
				CLANG_ANALYZER_NONNULL = YES;
				CLANG_ANALYZER_NUMBER_OBJECT_CONVERSION = YES_AGGRESSIVE;
				CLANG_CXX_LANGUAGE_STANDARD = "gnu++14";
				CLANG_CXX_LIBRARY = "libc++";
				CLANG_ENABLE_MODULES = YES;
				CLANG_ENABLE_OBJC_ARC = YES;
				CLANG_ENABLE_OBJC_WEAK = YES;
				CLANG_WARN_BLOCK_CAPTURE_AUTORELEASING = YES;
				CLANG_WARN_BOOL_CONVERSION = YES;
				CLANG_WARN_COMMA = YES;
				CLANG_WARN_CONSTANT_CONVERSION = YES;
				CLANG_WARN_DEPRECATED_OBJC_IMPLEMENTATIONS = YES;
				CLANG_WARN_DIRECT_OBJC_ISA_USAGE = YES_ERROR;
				CLANG_WARN_DOCUMENTATION_COMMENTS = YES;
				CLANG_WARN_EMPTY_BODY = YES;
				CLANG_WARN_ENUM_CONVERSION = YES;
				CLANG_WARN_INFINITE_RECURSION = YES;
				CLANG_WARN_INT_CONVERSION = YES;
				CLANG_WARN_NON_LITERAL_NULL_CONVERSION = YES;
				CLANG_WARN_OBJC_IMPLICIT_RETAIN_SELF = YES;
				CLANG_WARN_OBJC_LITERAL_CONVERSION = YES;
				CLANG_WARN_OBJC_ROOT_CLASS = YES_ERROR;
				CLANG_WARN_RANGE_LOOP_ANALYSIS = YES;
				CLANG_WARN_STRICT_PROTOTYPES = YES;
				CLANG_WARN_SUSPICIOUS_MOVE = YES;
				CLANG_WARN_UNGUARDED_AVAILABILITY = YES_AGGRESSIVE;
				CLANG_WARN_UNREACHABLE_CODE = YES;
				CLANG_WARN__DUPLICATE_METHOD_MATCH = YES;
				CODE_SIGN_IDENTITY = "-";
				COPY_PHASE_STRIP = NO;
				DEBUG_INFORMATION_FORMAT = dwarf;
				ENABLE_STRICT_OBJC_MSGSEND = YES;
				ENABLE_TESTABILITY = YES;
				GCC_C_LANGUAGE_STANDARD = gnu11;
				GCC_DYNAMIC_NO_PIC = NO;
				GCC_NO_COMMON_BLOCKS = YES;
				GCC_OPTIMIZATION_LEVEL = 0;
				GCC_PREPROCESSOR_DEFINITIONS = (
					"DEBUG=1",
					"$(inherited)",
				);
				GCC_WARN_64_TO_32_BIT_CONVERSION = YES;
				GCC_WARN_ABOUT_RETURN_TYPE = YES_ERROR;
				GCC_WARN_UNDECLARED_SELECTOR = YES;
				GCC_WARN_UNINITIALIZED_AUTOS = YES_AGGRESSIVE;
				GCC_WARN_UNUSED_FUNCTION = YES;
				GCC_WARN_UNUSED_VARIABLE = YES;
				MACOSX_DEPLOYMENT_TARGET = 10.14;
				MTL_ENABLE_DEBUG_INFO = INCLUDE_SOURCE;
				MTL_FAST_MATH = YES;
				ONLY_ACTIVE_ARCH = YES;
				SDKROOT = macosx;
			};
			name = Debug;
		};
		CA41506421F4E7260037E3F5 /* Release */ = {
			isa = XCBuildConfiguration;
			buildSettings = {
				ALWAYS_SEARCH_USER_PATHS = NO;
				CLANG_ANALYZER_NONNULL = YES;
				CLANG_ANALYZER_NUMBER_OBJECT_CONVERSION = YES_AGGRESSIVE;
				CLANG_CXX_LANGUAGE_STANDARD = "gnu++14";
				CLANG_CXX_LIBRARY = "libc++";
				CLANG_ENABLE_MODULES = YES;
				CLANG_ENABLE_OBJC_ARC = YES;
				CLANG_ENABLE_OBJC_WEAK = YES;
				CLANG_WARN_BLOCK_CAPTURE_AUTORELEASING = YES;
				CLANG_WARN_BOOL_CONVERSION = YES;
				CLANG_WARN_COMMA = YES;
				CLANG_WARN_CONSTANT_CONVERSION = YES;
				CLANG_WARN_DEPRECATED_OBJC_IMPLEMENTATIONS = YES;
				CLANG_WARN_DIRECT_OBJC_ISA_USAGE = YES_ERROR;
				CLANG_WARN_DOCUMENTATION_COMMENTS = YES;
				CLANG_WARN_EMPTY_BODY = YES;
				CLANG_WARN_ENUM_CONVERSION = YES;
				CLANG_WARN_INFINITE_RECURSION = YES;
				CLANG_WARN_INT_CONVERSION = YES;
				CLANG_WARN_NON_LITERAL_NULL_CONVERSION = YES;
				CLANG_WARN_OBJC_IMPLICIT_RETAIN_SELF = YES;
				CLANG_WARN_OBJC_LITERAL_CONVERSION = YES;
				CLANG_WARN_OBJC_ROOT_CLASS = YES_ERROR;
				CLANG_WARN_RANGE_LOOP_ANALYSIS = YES;
				CLANG_WARN_STRICT_PROTOTYPES = YES;
				CLANG_WARN_SUSPICIOUS_MOVE = YES;
				CLANG_WARN_UNGUARDED_AVAILABILITY = YES_AGGRESSIVE;
				CLANG_WARN_UNREACHABLE_CODE = YES;
				CLANG_WARN__DUPLICATE_METHOD_MATCH = YES;
				CODE_SIGN_IDENTITY = "-";
				COPY_PHASE_STRIP = NO;
				DEBUG_INFORMATION_FORMAT = "dwarf-with-dsym";
				ENABLE_NS_ASSERTIONS = NO;
				ENABLE_STRICT_OBJC_MSGSEND = YES;
				GCC_C_LANGUAGE_STANDARD = gnu11;
				GCC_NO_COMMON_BLOCKS = YES;
				GCC_WARN_64_TO_32_BIT_CONVERSION = YES;
				GCC_WARN_ABOUT_RETURN_TYPE = YES_ERROR;
				GCC_WARN_UNDECLARED_SELECTOR = YES;
				GCC_WARN_UNINITIALIZED_AUTOS = YES_AGGRESSIVE;
				GCC_WARN_UNUSED_FUNCTION = YES;
				GCC_WARN_UNUSED_VARIABLE = YES;
				MACOSX_DEPLOYMENT_TARGET = 10.14;
				MTL_ENABLE_DEBUG_INFO = NO;
				MTL_FAST_MATH = YES;
				SDKROOT = macosx;
			};
			name = Release;
		};
		CA41506621F4E7260037E3F5 /* Debug */ = {
			isa = XCBuildConfiguration;
			buildSettings = {
				CODE_SIGN_STYLE = Automatic;
				PRODUCT_NAME = "$(TARGET_NAME)";
			};
			name = Debug;
		};
		CA41506721F4E7260037E3F5 /* Release */ = {
			isa = XCBuildConfiguration;
			buildSettings = {
				CODE_SIGN_STYLE = Automatic;
				PRODUCT_NAME = "$(TARGET_NAME)";
			};
			name = Release;
		};
/* End XCBuildConfiguration section */

/* Begin XCConfigurationList section */
		CA41505921F4E7260037E3F5 /* Build configuration list for PBXProject "Sandbox" */ = {
			isa = XCConfigurationList;
			buildConfigurations = (
				CA41506321F4E7260037E3F5 /* Debug */,
				CA41506421F4E7260037E3F5 /* Release */,
			);
			defaultConfigurationIsVisible = 0;
			defaultConfigurationName = Release;
		};
		CA41506521F4E7260037E3F5 /* Build configuration list for PBXNativeTarget "Sandbox" */ = {
			isa = XCConfigurationList;
			buildConfigurations = (
				CA41506621F4E7260037E3F5 /* Debug */,
				CA41506721F4E7260037E3F5 /* Release */,
			);
			defaultConfigurationIsVisible = 0;
			defaultConfigurationName = Release;
		};
/* End XCConfigurationList section */
	};
	rootObject = CA41505621F4E7260037E3F5 /* Project object */;
}
