// !$*UTF8*$!
{
	archiveVersion = 1;
	classes = {
	};
	objectVersion = 50;
	objects = {

/* Begin PBXBuildFile section */
		CA0DBC0922B2BDEB005BAA4B /* improved_atof.c in Sources */ = {isa = PBXBuildFile; fileRef = CA0DBC0822B2BDEB005BAA4B /* improved_atof.c */; };
		CA19680C2299C0CA00AAA3A6 /* reverse.c in Sources */ = {isa = PBXBuildFile; fileRef = CA19680B2299C0CA00AAA3A6 /* reverse.c */; };
		CA41506221F4E7260037E3F5 /* main.c in Sources */ = {isa = PBXBuildFile; fileRef = CA41506121F4E7260037E3F5 /* main.c */; };
		CA41506A21F4E7720037E3F5 /* detab.c in Sources */ = {isa = PBXBuildFile; fileRef = CA41506921F4E7720037E3F5 /* detab.c */; };
		CA41506D21F4F2C10037E3F5 /* arraymanipulation.c in Sources */ = {isa = PBXBuildFile; fileRef = CA41506C21F4F2C10037E3F5 /* arraymanipulation.c */; };
		CA57BE6F2294744800122399 /* escape.c in Sources */ = {isa = PBXBuildFile; fileRef = CA57BE6E2294744800122399 /* escape.c */; };
		CA57BE732294818800122399 /* expand.c in Sources */ = {isa = PBXBuildFile; fileRef = CA57BE722294818800122399 /* expand.c */; };
		CAB72AA3229DAAC700799B98 /* itob.c in Sources */ = {isa = PBXBuildFile; fileRef = CAB72AA2229DAAC700799B98 /* itob.c */; };
		CACA2FB1226D1399004AC791 /* grabline.c in Sources */ = {isa = PBXBuildFile; fileRef = CACA2FB0226D1399004AC791 /* grabline.c */; };
		CAECAEDC228B4ABB00D2E901 /* setbits.c in Sources */ = {isa = PBXBuildFile; fileRef = CAECAEDB228B4ABB00D2E901 /* setbits.c */; };
		CAECAEDF228B4E5700D2E901 /* invert.c in Sources */ = {isa = PBXBuildFile; fileRef = CAECAEDE228B4E5700D2E901 /* invert.c */; };
		CAECAEE2228C5C5300D2E901 /* bitcount.c in Sources */ = {isa = PBXBuildFile; fileRef = CAECAEE1228C5C5300D2E901 /* bitcount.c */; };
		CAECAEE6228C5F9A00D2E901 /* lower.c in Sources */ = {isa = PBXBuildFile; fileRef = CAECAEE5228C5F9A00D2E901 /* lower.c */; };
		CAECAEEB228C64C800D2E901 /* binsearch.c in Sources */ = {isa = PBXBuildFile; fileRef = CAECAEEA228C64C800D2E901 /* binsearch.c */; };
		CAED7761227F125000EE9D0B /* entab.c in Sources */ = {isa = PBXBuildFile; fileRef = CAED7760227F125000EE9D0B /* entab.c */; };
		CAED7765227F5CA200EE9D0B /* foldLine.c in Sources */ = {isa = PBXBuildFile; fileRef = CAED7764227F5CA200EE9D0B /* foldLine.c */; };
		CAED776D227F63EC00EE9D0B /* cleanComments.c in Sources */ = {isa = PBXBuildFile; fileRef = CAED776C227F63EC00EE9D0B /* cleanComments.c */; };
		CAF1248022761AFD00405274 /* arrayReduce.c in Sources */ = {isa = PBXBuildFile; fileRef = CAF1247F22761AFD00405274 /* arrayReduce.c */; };
		CAF54BAF2281EB7100320193 /* htoi.c in Sources */ = {isa = PBXBuildFile; fileRef = CAF54BAE2281EB7100320193 /* htoi.c */; };
		CAF54BB32282160A00320193 /* deleeze.c in Sources */ = {isa = PBXBuildFile; fileRef = CAF54BB22282160A00320193 /* deleeze.c */; };
		CAF54BB722821B3100320193 /* any.c in Sources */ = {isa = PBXBuildFile; fileRef = CAF54BB622821B3100320193 /* any.c */; };
/* End PBXBuildFile section */

/* Begin PBXCopyFilesBuildPhase section */
		CA41505C21F4E7260037E3F5 /* CopyFiles */ = {
			isa = PBXCopyFilesBuildPhase;
			buildActionMask = 2147483647;
			dstPath = /usr/share/man/man1/;
			dstSubfolderSpec = 0;
			files = (
			);
			runOnlyForDeploymentPostprocessing = 1;
		};
/* End PBXCopyFilesBuildPhase section */

/* Begin PBXFileReference section */
		CA0DBC0722B2BDEB005BAA4B /* improved_atof.h */ = {isa = PBXFileReference; lastKnownFileType = sourcecode.c.h; path = improved_atof.h; sourceTree = "<group>"; };
		CA0DBC0822B2BDEB005BAA4B /* improved_atof.c */ = {isa = PBXFileReference; lastKnownFileType = sourcecode.c.c; path = improved_atof.c; sourceTree = "<group>"; };
		CA19680A2299C0CA00AAA3A6 /* reverse.h */ = {isa = PBXFileReference; lastKnownFileType = sourcecode.c.h; path = reverse.h; sourceTree = "<group>"; };
		CA19680B2299C0CA00AAA3A6 /* reverse.c */ = {isa = PBXFileReference; lastKnownFileType = sourcecode.c.c; path = reverse.c; sourceTree = "<group>"; };
		CA41505E21F4E7260037E3F5 /* Sandbox */ = {isa = PBXFileReference; explicitFileType = "compiled.mach-o.executable"; includeInIndex = 0; path = Sandbox; sourceTree = BUILT_PRODUCTS_DIR; };
		CA41506121F4E7260037E3F5 /* main.c */ = {isa = PBXFileReference; lastKnownFileType = sourcecode.c.c; path = main.c; sourceTree = "<group>"; };
		CA41506821F4E7720037E3F5 /* detab.h */ = {isa = PBXFileReference; lastKnownFileType = sourcecode.c.h; path = detab.h; sourceTree = "<group>"; };
		CA41506921F4E7720037E3F5 /* detab.c */ = {isa = PBXFileReference; lastKnownFileType = sourcecode.c.c; path = detab.c; sourceTree = "<group>"; };
		CA41506B21F4F2C10037E3F5 /* arraymanipulation.h */ = {isa = PBXFileReference; lastKnownFileType = sourcecode.c.h; path = arraymanipulation.h; sourceTree = "<group>"; };
		CA41506C21F4F2C10037E3F5 /* arraymanipulation.c */ = {isa = PBXFileReference; lastKnownFileType = sourcecode.c.c; path = arraymanipulation.c; sourceTree = "<group>"; };
		CA57BE6D2294744800122399 /* escape.h */ = {isa = PBXFileReference; lastKnownFileType = sourcecode.c.h; path = escape.h; sourceTree = "<group>"; };
		CA57BE6E2294744800122399 /* escape.c */ = {isa = PBXFileReference; lastKnownFileType = sourcecode.c.c; path = escape.c; sourceTree = "<group>"; };
		CA57BE712294818800122399 /* expand.h */ = {isa = PBXFileReference; lastKnownFileType = sourcecode.c.h; path = expand.h; sourceTree = "<group>"; };
		CA57BE722294818800122399 /* expand.c */ = {isa = PBXFileReference; lastKnownFileType = sourcecode.c.c; path = expand.c; sourceTree = "<group>"; };
		CAB72AA1229DAAC700799B98 /* itob.h */ = {isa = PBXFileReference; lastKnownFileType = sourcecode.c.h; path = itob.h; sourceTree = "<group>"; };
		CAB72AA2229DAAC700799B98 /* itob.c */ = {isa = PBXFileReference; lastKnownFileType = sourcecode.c.c; path = itob.c; sourceTree = "<group>"; };
		CACA2FAF226D1399004AC791 /* grabline.h */ = {isa = PBXFileReference; lastKnownFileType = sourcecode.c.h; path = grabline.h; sourceTree = "<group>"; };
		CACA2FB0226D1399004AC791 /* grabline.c */ = {isa = PBXFileReference; lastKnownFileType = sourcecode.c.c; path = grabline.c; sourceTree = "<group>"; };
		CAECAEDA228B4ABB00D2E901 /* setbits.h */ = {isa = PBXFileReference; lastKnownFileType = sourcecode.c.h; path = setbits.h; sourceTree = "<group>"; };
		CAECAEDB228B4ABB00D2E901 /* setbits.c */ = {isa = PBXFileReference; lastKnownFileType = sourcecode.c.c; path = setbits.c; sourceTree = "<group>"; };
		CAECAEDD228B4E5700D2E901 /* invert.h */ = {isa = PBXFileReference; lastKnownFileType = sourcecode.c.h; path = invert.h; sourceTree = "<group>"; };
		CAECAEDE228B4E5700D2E901 /* invert.c */ = {isa = PBXFileReference; lastKnownFileType = sourcecode.c.c; path = invert.c; sourceTree = "<group>"; };
		CAECAEE0228C5C5300D2E901 /* bitcount.h */ = {isa = PBXFileReference; lastKnownFileType = sourcecode.c.h; path = bitcount.h; sourceTree = "<group>"; };
		CAECAEE1228C5C5300D2E901 /* bitcount.c */ = {isa = PBXFileReference; lastKnownFileType = sourcecode.c.c; path = bitcount.c; sourceTree = "<group>"; };
		CAECAEE4228C5F9A00D2E901 /* lower.h */ = {isa = PBXFileReference; lastKnownFileType = sourcecode.c.h; path = lower.h; sourceTree = "<group>"; };
		CAECAEE5228C5F9A00D2E901 /* lower.c */ = {isa = PBXFileReference; lastKnownFileType = sourcecode.c.c; path = lower.c; sourceTree = "<group>"; };
		CAECAEE9228C64C800D2E901 /* binsearch.h */ = {isa = PBXFileReference; lastKnownFileType = sourcecode.c.h; path = binsearch.h; sourceTree = "<group>"; };
		CAECAEEA228C64C800D2E901 /* binsearch.c */ = {isa = PBXFileReference; lastKnownFileType = sourcecode.c.c; path = binsearch.c; sourceTree = "<group>"; };
		CAED775F227F125000EE9D0B /* entab.h */ = {isa = PBXFileReference; lastKnownFileType = sourcecode.c.h; path = entab.h; sourceTree = "<group>"; };
		CAED7760227F125000EE9D0B /* entab.c */ = {isa = PBXFileReference; lastKnownFileType = sourcecode.c.c; path = entab.c; sourceTree = "<group>"; };
		CAED7763227F5CA200EE9D0B /* foldLine.h */ = {isa = PBXFileReference; lastKnownFileType = sourcecode.c.h; path = foldLine.h; sourceTree = "<group>"; };
		CAED7764227F5CA200EE9D0B /* foldLine.c */ = {isa = PBXFileReference; lastKnownFileType = sourcecode.c.c; path = foldLine.c; sourceTree = "<group>"; };
		CAED776B227F63EC00EE9D0B /* cleanComments.h */ = {isa = PBXFileReference; lastKnownFileType = sourcecode.c.h; path = cleanComments.h; sourceTree = "<group>"; };
		CAED776C227F63EC00EE9D0B /* cleanComments.c */ = {isa = PBXFileReference; lastKnownFileType = sourcecode.c.c; path = cleanComments.c; sourceTree = "<group>"; };
		CAF1247E22761AFD00405274 /* arrayReduce.h */ = {isa = PBXFileReference; lastKnownFileType = sourcecode.c.h; path = arrayReduce.h; sourceTree = "<group>"; };
		CAF1247F22761AFD00405274 /* arrayReduce.c */ = {isa = PBXFileReference; lastKnownFileType = sourcecode.c.c; path = arrayReduce.c; sourceTree = "<group>"; };
		CAF54BAD2281EB7100320193 /* htoi.h */ = {isa = PBXFileReference; lastKnownFileType = sourcecode.c.h; path = htoi.h; sourceTree = "<group>"; };
		CAF54BAE2281EB7100320193 /* htoi.c */ = {isa = PBXFileReference; lastKnownFileType = sourcecode.c.c; path = htoi.c; sourceTree = "<group>"; };
		CAF54BB12282160A00320193 /* deleeze.h */ = {isa = PBXFileReference; lastKnownFileType = sourcecode.c.h; path = deleeze.h; sourceTree = "<group>"; };
		CAF54BB22282160A00320193 /* deleeze.c */ = {isa = PBXFileReference; lastKnownFileType = sourcecode.c.c; path = deleeze.c; sourceTree = "<group>"; };
		CAF54BB522821B3100320193 /* any.h */ = {isa = PBXFileReference; lastKnownFileType = sourcecode.c.h; path = any.h; sourceTree = "<group>"; };
		CAF54BB622821B3100320193 /* any.c */ = {isa = PBXFileReference; lastKnownFileType = sourcecode.c.c; path = any.c; sourceTree = "<group>"; };
/* End PBXFileReference section */

/* Begin PBXFrameworksBuildPhase section */
		CA41505B21F4E7260037E3F5 /* Frameworks */ = {
			isa = PBXFrameworksBuildPhase;
			buildActionMask = 2147483647;
			files = (
			);
			runOnlyForDeploymentPostprocessing = 0;
		};
/* End PBXFrameworksBuildPhase section */

/* Begin PBXGroup section */
		CA0DBC0622B2BDD5005BAA4B /* improved_atof */ = {
			isa = PBXGroup;
			children = (
				CA0DBC0722B2BDEB005BAA4B /* improved_atof.h */,
				CA0DBC0822B2BDEB005BAA4B /* improved_atof.c */,
			);
			path = improved_atof;
			sourceTree = "<group>";
		};
		CA1968092299C0BE00AAA3A6 /* reverse */ = {
			isa = PBXGroup;
			children = (
				CA19680A2299C0CA00AAA3A6 /* reverse.h */,
				CA19680B2299C0CA00AAA3A6 /* reverse.c */,
			);
			path = reverse;
			sourceTree = "<group>";
		};
		CA36793D229185E80097BF7E /* lower */ = {
			isa = PBXGroup;
			children = (
				CAECAEE4228C5F9A00D2E901 /* lower.h */,
				CAECAEE5228C5F9A00D2E901 /* lower.c */,
			);
			path = lower;
			sourceTree = "<group>";
		};
		CA41505521F4E7260037E3F5 = {
			isa = PBXGroup;
			children = (
				CA41506021F4E7260037E3F5 /* Sandbox */,
				CA41505F21F4E7260037E3F5 /* Products */,
			);
			sourceTree = "<group>";
		};
		CA41505F21F4E7260037E3F5 /* Products */ = {
			isa = PBXGroup;
			children = (
				CA41505E21F4E7260037E3F5 /* Sandbox */,
			);
			name = Products;
			sourceTree = "<group>";
		};
		CA41506021F4E7260037E3F5 /* Sandbox */ = {
			isa = PBXGroup;
			children = (
				CAECAEE7228C643800D2E901 /* array */,
				CAECAEE3228C5F9100D2E901 /* strings */,
				CAECAED9228B4AB000D2E901 /* bits */,
				CA41506121F4E7260037E3F5 /* main.c */,
			);
			path = Sandbox;
			sourceTree = "<group>";
		};
		CA57BE6C2294743E00122399 /* escape */ = {
			isa = PBXGroup;
			children = (
				CA57BE6D2294744800122399 /* escape.h */,
				CA57BE6E2294744800122399 /* escape.c */,
			);
			path = escape;
			sourceTree = "<group>";
		};
		CA57BE702294817B00122399 /* expand */ = {
			isa = PBXGroup;
			children = (
				CA57BE712294818800122399 /* expand.h */,
				CA57BE722294818800122399 /* expand.c */,
			);
			path = expand;
			sourceTree = "<group>";
		};
		CAB72AA0229DAABD00799B98 /* itob */ = {
			isa = PBXGroup;
			children = (
				CAB72AA1229DAAC700799B98 /* itob.h */,
				CAB72AA2229DAAC700799B98 /* itob.c */,
			);
			path = itob;
			sourceTree = "<group>";
		};
		CACA2FAC226D1362004AC791 /* arraymanipulation */ = {
			isa = PBXGroup;
			children = (
				CA41506B21F4F2C10037E3F5 /* arraymanipulation.h */,
				CA41506C21F4F2C10037E3F5 /* arraymanipulation.c */,
			);
			path = arraymanipulation;
			sourceTree = "<group>";
		};
		CACA2FAD226D1370004AC791 /* detab */ = {
			isa = PBXGroup;
			children = (
				CA41506821F4E7720037E3F5 /* detab.h */,
				CA41506921F4E7720037E3F5 /* detab.c */,
			);
			path = detab;
			sourceTree = "<group>";
		};
		CACA2FAE226D138F004AC791 /* grabline */ = {
			isa = PBXGroup;
			children = (
				CACA2FAF226D1399004AC791 /* grabline.h */,
				CACA2FB0226D1399004AC791 /* grabline.c */,
			);
			path = grabline;
			sourceTree = "<group>";
		};
		CAECAED9228B4AB000D2E901 /* bits */ = {
			isa = PBXGroup;
			children = (
				CAECAEDA228B4ABB00D2E901 /* setbits.h */,
				CAECAEDB228B4ABB00D2E901 /* setbits.c */,
				CAECAEDD228B4E5700D2E901 /* invert.h */,
				CAECAEDE228B4E5700D2E901 /* invert.c */,
				CAECAEE0228C5C5300D2E901 /* bitcount.h */,
				CAECAEE1228C5C5300D2E901 /* bitcount.c */,
			);
			path = bits;
			sourceTree = "<group>";
		};
		CAECAEE3228C5F9100D2E901 /* strings */ = {
			isa = PBXGroup;
			children = (
				CA0DBC0622B2BDD5005BAA4B /* improved_atof */,
				CAB72AA0229DAABD00799B98 /* itob */,
				CA1968092299C0BE00AAA3A6 /* reverse */,
				CA57BE702294817B00122399 /* expand */,
				CA57BE6C2294743E00122399 /* escape */,
				CAF54BB422821B2A00320193 /* any */,
				CAF54BAC2281EB6600320193 /* htoi */,
				CAED776A227F63D900EE9D0B /* CommentsCleaner */,
				CAED7762227F5C9100EE9D0B /* LineFolder */,
				CAED775E227F124000EE9D0B /* entab */,
				CACA2FAE226D138F004AC791 /* grabline */,
				CACA2FAD226D1370004AC791 /* detab */,
				CA36793D229185E80097BF7E /* lower */,
				CAF54BB0228215F800320193 /* deleeze */,
			);
			path = strings;
			sourceTree = "<group>";
		};
		CAECAEE7228C643800D2E901 /* array */ = {
			isa = PBXGroup;
			children = (
				CAECAEE8228C64BD00D2E901 /* binsearch */,
				CACA2FAC226D1362004AC791 /* arraymanipulation */,
				CAF1247D22761AF100405274 /* ArrayReduce */,
			);
			path = array;
			sourceTree = "<group>";
		};
		CAECAEE8228C64BD00D2E901 /* binsearch */ = {
			isa = PBXGroup;
			children = (
				CAECAEE9228C64C800D2E901 /* binsearch.h */,
				CAECAEEA228C64C800D2E901 /* binsearch.c */,
			);
			path = binsearch;
			sourceTree = "<group>";
		};
		CAED775E227F124000EE9D0B /* entab */ = {
			isa = PBXGroup;
			children = (
				CAED775F227F125000EE9D0B /* entab.h */,
				CAED7760227F125000EE9D0B /* entab.c */,
			);
			path = entab;
			sourceTree = "<group>";
		};
		CAED7762227F5C9100EE9D0B /* LineFolder */ = {
			isa = PBXGroup;
			children = (
				CAED7763227F5CA200EE9D0B /* foldLine.h */,
				CAED7764227F5CA200EE9D0B /* foldLine.c */,
			);
			path = LineFolder;
			sourceTree = "<group>";
		};
		CAED776A227F63D900EE9D0B /* CommentsCleaner */ = {
			isa = PBXGroup;
			children = (
				CAED776B227F63EC00EE9D0B /* cleanComments.h */,
				CAED776C227F63EC00EE9D0B /* cleanComments.c */,
			);
			path = CommentsCleaner;
			sourceTree = "<group>";
		};
		CAF1247D22761AF100405274 /* ArrayReduce */ = {
			isa = PBXGroup;
			children = (
				CAF1247E22761AFD00405274 /* arrayReduce.h */,
				CAF1247F22761AFD00405274 /* arrayReduce.c */,
			);
			path = ArrayReduce;
			sourceTree = "<group>";
		};
		CAF54BAC2281EB6600320193 /* htoi */ = {
			isa = PBXGroup;
			children = (
				CAF54BAD2281EB7100320193 /* htoi.h */,
				CAF54BAE2281EB7100320193 /* htoi.c */,
			);
			path = htoi;
			sourceTree = "<group>";
		};
		CAF54BB0228215F800320193 /* deleeze */ = {
			isa = PBXGroup;
			children = (
				CAF54BB12282160A00320193 /* deleeze.h */,
				CAF54BB22282160A00320193 /* deleeze.c */,
			);
			path = deleeze;
			sourceTree = "<group>";
		};
		CAF54BB422821B2A00320193 /* any */ = {
			isa = PBXGroup;
			children = (
				CAF54BB522821B3100320193 /* any.h */,
				CAF54BB622821B3100320193 /* any.c */,
			);
			path = any;
			sourceTree = "<group>";
		};
/* End PBXGroup section */

/* Begin PBXNativeTarget section */
		CA41505D21F4E7260037E3F5 /* Sandbox */ = {
			isa = PBXNativeTarget;
			buildConfigurationList = CA41506521F4E7260037E3F5 /* Build configuration list for PBXNativeTarget "Sandbox" */;
			buildPhases = (
				CA41505A21F4E7260037E3F5 /* Sources */,
				CA41505B21F4E7260037E3F5 /* Frameworks */,
				CA41505C21F4E7260037E3F5 /* CopyFiles */,
			);
			buildRules = (
			);
			dependencies = (
			);
			name = Sandbox;
			productName = Sandbox;
			productReference = CA41505E21F4E7260037E3F5 /* Sandbox */;
			productType = "com.apple.product-type.tool";
		};
/* End PBXNativeTarget section */

/* Begin PBXProject section */
		CA41505621F4E7260037E3F5 /* Project object */ = {
			isa = PBXProject;
			attributes = {
				LastUpgradeCheck = 1010;
				ORGANIZATIONNAME = "Vlad Zhavoronkov";
				TargetAttributes = {
					CA41505D21F4E7260037E3F5 = {
						CreatedOnToolsVersion = 10.1;
					};
				};
			};
			buildConfigurationList = CA41505921F4E7260037E3F5 /* Build configuration list for PBXProject "Sandbox" */;
			compatibilityVersion = "Xcode 9.3";
			developmentRegion = en;
			hasScannedForEncodings = 0;
			knownRegions = (
				en,
			);
			mainGroup = CA41505521F4E7260037E3F5;
			productRefGroup = CA41505F21F4E7260037E3F5 /* Products */;
			projectDirPath = "";
			projectRoot = "";
			targets = (
				CA41505D21F4E7260037E3F5 /* Sandbox */,
			);
		};
/* End PBXProject section */

/* Begin PBXSourcesBuildPhase section */
		CA41505A21F4E7260037E3F5 /* Sources */ = {
			isa = PBXSourcesBuildPhase;
			buildActionMask = 2147483647;
			files = (
				CAED7761227F125000EE9D0B /* entab.c in Sources */,
				CAECAEE2228C5C5300D2E901 /* bitcount.c in Sources */,
				CA41506A21F4E7720037E3F5 /* detab.c in Sources */,
				CAECAEE6228C5F9A00D2E901 /* lower.c in Sources */,
				CAF54BB722821B3100320193 /* any.c in Sources */,
				CAB72AA3229DAAC700799B98 /* itob.c in Sources */,
				CA57BE6F2294744800122399 /* escape.c in Sources */,
				CAF54BB32282160A00320193 /* deleeze.c in Sources */,
				CA19680C2299C0CA00AAA3A6 /* reverse.c in Sources */,
				CAECAEEB228C64C800D2E901 /* binsearch.c in Sources */,
				CAF54BAF2281EB7100320193 /* htoi.c in Sources */,
				CA57BE732294818800122399 /* expand.c in Sources */,
				CA41506221F4E7260037E3F5 /* main.c in Sources */,
				CAECAEDC228B4ABB00D2E901 /* setbits.c in Sources */,
				CACA2FB1226D1399004AC791 /* grabline.c in Sources */,
				CAED776D227F63EC00EE9D0B /* cleanComments.c in Sources */,
				CA41506D21F4F2C10037E3F5 /* arraymanipulation.c in Sources */,
				CAECAEDF228B4E5700D2E901 /* invert.c in Sources */,
				CAF1248022761AFD00405274 /* arrayReduce.c in Sources */,
				CA0DBC0922B2BDEB005BAA4B /* improved_atof.c in Sources */,
				CAED7765227F5CA200EE9D0B /* foldLine.c in Sources */,
			);
			runOnlyForDeploymentPostprocessing = 0;
		};
/* End PBXSourcesBuildPhase section */

/* Begin XCBuildConfiguration section */
		CA41506321F4E7260037E3F5 /* Debug */ = {
			isa = XCBuildConfiguration;
			buildSettings = {
				ALWAYS_SEARCH_USER_PATHS = NO;
				CLANG_ANALYZER_NONNULL = YES;
				CLANG_ANALYZER_NUMBER_OBJECT_CONVERSION = YES_AGGRESSIVE;
				CLANG_CXX_LANGUAGE_STANDARD = "gnu++14";
				CLANG_CXX_LIBRARY = "libc++";
				CLANG_ENABLE_MODULES = YES;
				CLANG_ENABLE_OBJC_ARC = YES;
				CLANG_ENABLE_OBJC_WEAK = YES;
				CLANG_WARN_BLOCK_CAPTURE_AUTORELEASING = YES;
				CLANG_WARN_BOOL_CONVERSION = YES;
				CLANG_WARN_COMMA = YES;
				CLANG_WARN_CONSTANT_CONVERSION = YES;
				CLANG_WARN_DEPRECATED_OBJC_IMPLEMENTATIONS = YES;
				CLANG_WARN_DIRECT_OBJC_ISA_USAGE = YES_ERROR;
				CLANG_WARN_DOCUMENTATION_COMMENTS = YES;
				CLANG_WARN_EMPTY_BODY = YES;
				CLANG_WARN_ENUM_CONVERSION = YES;
				CLANG_WARN_INFINITE_RECURSION = YES;
				CLANG_WARN_INT_CONVERSION = YES;
				CLANG_WARN_NON_LITERAL_NULL_CONVERSION = YES;
				CLANG_WARN_OBJC_IMPLICIT_RETAIN_SELF = YES;
				CLANG_WARN_OBJC_LITERAL_CONVERSION = YES;
				CLANG_WARN_OBJC_ROOT_CLASS = YES_ERROR;
				CLANG_WARN_RANGE_LOOP_ANALYSIS = YES;
				CLANG_WARN_STRICT_PROTOTYPES = YES;
				CLANG_WARN_SUSPICIOUS_MOVE = YES;
				CLANG_WARN_UNGUARDED_AVAILABILITY = YES_AGGRESSIVE;
				CLANG_WARN_UNREACHABLE_CODE = YES;
				CLANG_WARN__DUPLICATE_METHOD_MATCH = YES;
				CODE_SIGN_IDENTITY = "-";
				COPY_PHASE_STRIP = NO;
				DEBUG_INFORMATION_FORMAT = dwarf;
				ENABLE_STRICT_OBJC_MSGSEND = YES;
				ENABLE_TESTABILITY = YES;
				GCC_C_LANGUAGE_STANDARD = gnu11;
				GCC_DYNAMIC_NO_PIC = NO;
				GCC_NO_COMMON_BLOCKS = YES;
				GCC_OPTIMIZATION_LEVEL = 0;
				GCC_PREPROCESSOR_DEFINITIONS = (
					"DEBUG=1",
					"$(inherited)",
				);
				GCC_WARN_64_TO_32_BIT_CONVERSION = YES;
				GCC_WARN_ABOUT_RETURN_TYPE = YES_ERROR;
				GCC_WARN_UNDECLARED_SELECTOR = YES;
				GCC_WARN_UNINITIALIZED_AUTOS = YES_AGGRESSIVE;
				GCC_WARN_UNUSED_FUNCTION = YES;
				GCC_WARN_UNUSED_VARIABLE = YES;
				MACOSX_DEPLOYMENT_TARGET = 10.14;
				MTL_ENABLE_DEBUG_INFO = INCLUDE_SOURCE;
				MTL_FAST_MATH = YES;
				ONLY_ACTIVE_ARCH = YES;
				SDKROOT = macosx;
			};
			name = Debug;
		};
		CA41506421F4E7260037E3F5 /* Release */ = {
			isa = XCBuildConfiguration;
			buildSettings = {
				ALWAYS_SEARCH_USER_PATHS = NO;
				CLANG_ANALYZER_NONNULL = YES;
				CLANG_ANALYZER_NUMBER_OBJECT_CONVERSION = YES_AGGRESSIVE;
				CLANG_CXX_LANGUAGE_STANDARD = "gnu++14";
				CLANG_CXX_LIBRARY = "libc++";
				CLANG_ENABLE_MODULES = YES;
				CLANG_ENABLE_OBJC_ARC = YES;
				CLANG_ENABLE_OBJC_WEAK = YES;
				CLANG_WARN_BLOCK_CAPTURE_AUTORELEASING = YES;
				CLANG_WARN_BOOL_CONVERSION = YES;
				CLANG_WARN_COMMA = YES;
				CLANG_WARN_CONSTANT_CONVERSION = YES;
				CLANG_WARN_DEPRECATED_OBJC_IMPLEMENTATIONS = YES;
				CLANG_WARN_DIRECT_OBJC_ISA_USAGE = YES_ERROR;
				CLANG_WARN_DOCUMENTATION_COMMENTS = YES;
				CLANG_WARN_EMPTY_BODY = YES;
				CLANG_WARN_ENUM_CONVERSION = YES;
				CLANG_WARN_INFINITE_RECURSION = YES;
				CLANG_WARN_INT_CONVERSION = YES;
				CLANG_WARN_NON_LITERAL_NULL_CONVERSION = YES;
				CLANG_WARN_OBJC_IMPLICIT_RETAIN_SELF = YES;
				CLANG_WARN_OBJC_LITERAL_CONVERSION = YES;
				CLANG_WARN_OBJC_ROOT_CLASS = YES_ERROR;
				CLANG_WARN_RANGE_LOOP_ANALYSIS = YES;
				CLANG_WARN_STRICT_PROTOTYPES = YES;
				CLANG_WARN_SUSPICIOUS_MOVE = YES;
				CLANG_WARN_UNGUARDED_AVAILABILITY = YES_AGGRESSIVE;
				CLANG_WARN_UNREACHABLE_CODE = YES;
				CLANG_WARN__DUPLICATE_METHOD_MATCH = YES;
				CODE_SIGN_IDENTITY = "-";
				COPY_PHASE_STRIP = NO;
				DEBUG_INFORMATION_FORMAT = "dwarf-with-dsym";
				ENABLE_NS_ASSERTIONS = NO;
				ENABLE_STRICT_OBJC_MSGSEND = YES;
				GCC_C_LANGUAGE_STANDARD = gnu11;
				GCC_NO_COMMON_BLOCKS = YES;
				GCC_WARN_64_TO_32_BIT_CONVERSION = YES;
				GCC_WARN_ABOUT_RETURN_TYPE = YES_ERROR;
				GCC_WARN_UNDECLARED_SELECTOR = YES;
				GCC_WARN_UNINITIALIZED_AUTOS = YES_AGGRESSIVE;
				GCC_WARN_UNUSED_FUNCTION = YES;
				GCC_WARN_UNUSED_VARIABLE = YES;
				MACOSX_DEPLOYMENT_TARGET = 10.14;
				MTL_ENABLE_DEBUG_INFO = NO;
				MTL_FAST_MATH = YES;
				SDKROOT = macosx;
			};
			name = Release;
		};
		CA41506621F4E7260037E3F5 /* Debug */ = {
			isa = XCBuildConfiguration;
			buildSettings = {
				CODE_SIGN_STYLE = Automatic;
				PRODUCT_NAME = "$(TARGET_NAME)";
			};
			name = Debug;
		};
		CA41506721F4E7260037E3F5 /* Release */ = {
			isa = XCBuildConfiguration;
			buildSettings = {
				CODE_SIGN_STYLE = Automatic;
				PRODUCT_NAME = "$(TARGET_NAME)";
			};
			name = Release;
		};
/* End XCBuildConfiguration section */

/* Begin XCConfigurationList section */
		CA41505921F4E7260037E3F5 /* Build configuration list for PBXProject "Sandbox" */ = {
			isa = XCConfigurationList;
			buildConfigurations = (
				CA41506321F4E7260037E3F5 /* Debug */,
				CA41506421F4E7260037E3F5 /* Release */,
			);
			defaultConfigurationIsVisible = 0;
			defaultConfigurationName = Release;
		};
		CA41506521F4E7260037E3F5 /* Build configuration list for PBXNativeTarget "Sandbox" */ = {
			isa = XCConfigurationList;
			buildConfigurations = (
				CA41506621F4E7260037E3F5 /* Debug */,
				CA41506721F4E7260037E3F5 /* Release */,
			);
			defaultConfigurationIsVisible = 0;
			defaultConfigurationName = Release;
		};
/* End XCConfigurationList section */
	};
	rootObject = CA41505621F4E7260037E3F5 /* Project object */;
}
